
Microsoft Visual Studio Solution File, Format Version 12.00
# Visual Studio Version 16
VisualStudioVersion = 16.0.31005.135
MinimumVisualStudioVersion = 10.0.40219.1
Project("{9A19103F-16F7-4668-BE54-9A1E7A4F7556}") = "Festival.DAL", "Festival.DAL\Festival.DAL.csproj", "{64B913BB-4788-4EE5-9C2C-5BA45AEB58E1}"
EndProject
Project("{9A19103F-16F7-4668-BE54-9A1E7A4F7556}") = "Festival.DAL.Tests", "Festival.DAL.Tests\Festival.DAL.Tests.csproj", "{8446A7D9-A24F-4592-A1FC-D4FA0B04458A}"
EndProject
Project("{9A19103F-16F7-4668-BE54-9A1E7A4F7556}") = "Festival.BL", "Festival.BL\Festival.BL.csproj", "{9E86E3F0-8CB3-48B3-8961-5E0AC2B89A19}"
EndProject
Project("{9A19103F-16F7-4668-BE54-9A1E7A4F7556}") = "Festival.BL.Tests", "Festival.BL.Tests\Festival.BL.Tests.csproj", "{3F30EE3F-17CB-4F2F-9E48-13DD42C87A9A}"
EndProject
Project("{FAE04EC0-301F-11D3-BF4B-00C04F79EFBC}") = "Festival.App", "Festival.App\Festival.App.csproj", "{5813DB76-EA52-4C3E-B395-67BA1567923A}"
EndProject
Global
	GlobalSection(SolutionConfigurationPlatforms) = preSolution
		Debug|Any CPU = Debug|Any CPU
		Release|Any CPU = Release|Any CPU
	EndGlobalSection
	GlobalSection(ProjectConfigurationPlatforms) = postSolution
		{64B913BB-4788-4EE5-9C2C-5BA45AEB58E1}.Debug|Any CPU.ActiveCfg = Debug|Any CPU
		{64B913BB-4788-4EE5-9C2C-5BA45AEB58E1}.Debug|Any CPU.Build.0 = Debug|Any CPU
		{64B913BB-4788-4EE5-9C2C-5BA45AEB58E1}.Release|Any CPU.ActiveCfg = Release|Any CPU
		{64B913BB-4788-4EE5-9C2C-5BA45AEB58E1}.Release|Any CPU.Build.0 = Release|Any CPU
		{8446A7D9-A24F-4592-A1FC-D4FA0B04458A}.Debug|Any CPU.ActiveCfg = Debug|Any CPU
		{8446A7D9-A24F-4592-A1FC-D4FA0B04458A}.Debug|Any CPU.Build.0 = Debug|Any CPU
		{8446A7D9-A24F-4592-A1FC-D4FA0B04458A}.Release|Any CPU.ActiveCfg = Release|Any CPU
		{8446A7D9-A24F-4592-A1FC-D4FA0B04458A}.Release|Any CPU.Build.0 = Release|Any CPU
		{9E86E3F0-8CB3-48B3-8961-5E0AC2B89A19}.Debug|Any CPU.ActiveCfg = Debug|Any CPU
		{9E86E3F0-8CB3-48B3-8961-5E0AC2B89A19}.Debug|Any CPU.Build.0 = Debug|Any CPU
		{9E86E3F0-8CB3-48B3-8961-5E0AC2B89A19}.Release|Any CPU.ActiveCfg = Release|Any CPU
		{9E86E3F0-8CB3-48B3-8961-5E0AC2B89A19}.Release|Any CPU.Build.0 = Release|Any CPU
		{3F30EE3F-17CB-4F2F-9E48-13DD42C87A9A}.Debug|Any CPU.ActiveCfg = Debug|Any CPU
		{3F30EE3F-17CB-4F2F-9E48-13DD42C87A9A}.Debug|Any CPU.Build.0 = Debug|Any CPU
		{3F30EE3F-17CB-4F2F-9E48-13DD42C87A9A}.Release|Any CPU.ActiveCfg = Release|Any CPU
		{3F30EE3F-17CB-4F2F-9E48-13DD42C87A9A}.Release|Any CPU.Build.0 = Release|Any CPU
		{5813DB76-EA52-4C3E-B395-67BA1567923A}.Debug|Any CPU.ActiveCfg = Debug|Any CPU
		{5813DB76-EA52-4C3E-B395-67BA1567923A}.Debug|Any CPU.Build.0 = Debug|Any CPU
		{5813DB76-EA52-4C3E-B395-67BA1567923A}.Release|Any CPU.ActiveCfg = Release|Any CPU
		{5813DB76-EA52-4C3E-B395-67BA1567923A}.Release|Any CPU.Build.0 = Release|Any CPU
	EndGlobalSection
	GlobalSection(SolutionProperties) = preSolution
		HideSolutionNode = FALSE
	EndGlobalSection
	GlobalSection(ExtensibilityGlobals) = postSolution
		SolutionGuid = {01B18276-1F3B-4F1F-81E3-537E0AAD50BE}
	EndGlobalSection
EndGlobal
